
Microsoft Visual Studio Solution File, Format Version 12.00
# Visual Studio Version 16
VisualStudioVersion = 16.0.32126.315
MinimumVisualStudioVersion = 10.0.40219.1
Project("{8BC9CEB8-8B4A-11D0-8D11-00A0C91BC942}") = "Server", "Server\Server.vcxproj", "{2C2BC69E-1BF6-4759-8571-7E298EE721B1}"
EndProject
Project("{8BC9CEB8-8B4A-11D0-8D11-00A0C91BC942}") = "Client", "Client\Client.vcxproj", "{36AD530C-F1AB-45FB-80A8-9B114E8C3E59}"
EndProject
Project("{8BC9CEB8-8B4A-11D0-8D11-00A0C91BC942}") = "SharedSrcDev", "SharedSrcDev\SharedSrcDev.vcxproj", "{05EDE4B1-EA03-44E0-9348-913F56A2202A}"
EndProject
Global
	GlobalSection(SolutionConfigurationPlatforms) = preSolution
		Debug|x64 = Debug|x64
		Debug|x86 = Debug|x86
		Release|x64 = Release|x64
		Release|x86 = Release|x86
	EndGlobalSection
	GlobalSection(ProjectConfigurationPlatforms) = postSolution
		{2C2BC69E-1BF6-4759-8571-7E298EE721B1}.Debug|x64.ActiveCfg = Debug|x64
		{2C2BC69E-1BF6-4759-8571-7E298EE721B1}.Debug|x64.Build.0 = Debug|x64
		{2C2BC69E-1BF6-4759-8571-7E298EE721B1}.Debug|x86.ActiveCfg = Debug|Win32
		{2C2BC69E-1BF6-4759-8571-7E298EE721B1}.Debug|x86.Build.0 = Debug|Win32
		{2C2BC69E-1BF6-4759-8571-7E298EE721B1}.Release|x64.ActiveCfg = Release|x64
		{2C2BC69E-1BF6-4759-8571-7E298EE721B1}.Release|x64.Build.0 = Release|x64
		{2C2BC69E-1BF6-4759-8571-7E298EE721B1}.Release|x86.ActiveCfg = Release|Win32
		{2C2BC69E-1BF6-4759-8571-7E298EE721B1}.Release|x86.Build.0 = Release|Win32
		{36AD530C-F1AB-45FB-80A8-9B114E8C3E59}.Debug|x64.ActiveCfg = Debug|x64
		{36AD530C-F1AB-45FB-80A8-9B114E8C3E59}.Debug|x64.Build.0 = Debug|x64
		{36AD530C-F1AB-45FB-80A8-9B114E8C3E59}.Debug|x86.ActiveCfg = Debug|Win32
		{36AD530C-F1AB-45FB-80A8-9B114E8C3E59}.Debug|x86.Build.0 = Debug|Win32
		{36AD530C-F1AB-45FB-80A8-9B114E8C3E59}.Release|x64.ActiveCfg = Release|x64
		{36AD530C-F1AB-45FB-80A8-9B114E8C3E59}.Release|x64.Build.0 = Release|x64
		{36AD530C-F1AB-45FB-80A8-9B114E8C3E59}.Release|x86.ActiveCfg = Release|Win32
		{36AD530C-F1AB-45FB-80A8-9B114E8C3E59}.Release|x86.Build.0 = Release|Win32
		{05EDE4B1-EA03-44E0-9348-913F56A2202A}.Debug|x64.ActiveCfg = Debug|x64
		{05EDE4B1-EA03-44E0-9348-913F56A2202A}.Debug|x64.Build.0 = Debug|x64
		{05EDE4B1-EA03-44E0-9348-913F56A2202A}.Debug|x86.ActiveCfg = Debug|Win32
		{05EDE4B1-EA03-44E0-9348-913F56A2202A}.Debug|x86.Build.0 = Debug|Win32
		{05EDE4B1-EA03-44E0-9348-913F56A2202A}.Release|x64.ActiveCfg = Release|x64
		{05EDE4B1-EA03-44E0-9348-913F56A2202A}.Release|x64.Build.0 = Release|x64
		{05EDE4B1-EA03-44E0-9348-913F56A2202A}.Release|x86.ActiveCfg = Release|Win32
		{05EDE4B1-EA03-44E0-9348-913F56A2202A}.Release|x86.Build.0 = Release|Win32
	EndGlobalSection
	GlobalSection(SolutionProperties) = preSolution
		HideSolutionNode = FALSE
	EndGlobalSection
	GlobalSection(ExtensibilityGlobals) = postSolution
		SolutionGuid = {AAF1BA48-80EA-4DE8-9E71-BD2B63599586}
	EndGlobalSection
EndGlobal
